<Solution>
  <Folder Name="/Solution Items/">
    <File Path=".github/workflows/publish-release.yml" />
    <File Path="docker-compose.yml" />
    <File Path="Dockerfile" />
    <File Path="gameframex.key.snk" />
    <File Path="logo.png" />
    <File Path="README.md" />
    <File Path="Version.props" />
  </Folder>
  <Folder Name="/Tests/">
    <Project Path="Tests/GameFrameX.Tests/GameFrameX.Tests.csproj" />
    <Project Path="Tests/GameFrameX.Hotfix.Tests/GameFrameX.Hotfix.Tests.csproj" />
  </Folder>
  <Project Path="GameFrameX.Apps/GameFrameX.Apps.csproj" />
  <Project Path="GameFrameX.Discovery/GameFrameX.Discovery.csproj" />
  <Project Path="GameFrameX.Client/GameFrameX.Client.csproj" />
  <Project Path="GameFrameX.Architecture.Analyzers/GameFrameX.Architecture.Analyzers.csproj" />
  <Project Path="GameFrameX.Config/GameFrameX.Config.csproj" />
  <Project Path="GameFrameX.Core/GameFrameX.Core.csproj" />
  <Project Path="GameFrameX.DataBase.Mongo/GameFrameX.DataBase.Mongo.csproj" />
  <Project Path="GameFrameX.DataBase/GameFrameX.DataBase.csproj" />
  <Project Path="GameFrameX.DataBase.PostgreSql/GameFrameX.DataBase.PostgreSql.csproj" />
  <Project Path="GameFrameX.Hotfix/GameFrameX.Hotfix.csproj" />
  <Project Path="GameFrameX.Hotfix.WrapperGenerator/GameFrameX.Hotfix.WrapperGenerator.csproj" />
  <Project Path="GameFrameX.Launcher/GameFrameX.Launcher.csproj" />
  <Project Path="GameFrameX.Localization/GameFrameX.Localization.csproj" />
  <Project Path="GameFrameX.Network.Abstractions/GameFrameX.Network.Abstractions.csproj" />
  <Project Path="GameFrameX.Network.HTTP/GameFrameX.Network.HTTP.csproj" />
  <Project Path="GameFrameX.Network.RemoteMessaging/GameFrameX.Network.RemoteMessaging.csproj" />
  <Project Path="GameFrameX.Online/GameFrameX.Online.csproj" />
  <Project Path="GameFrameX.Online.Runtime/GameFrameX.Online.Runtime.csproj" />
  <Project Path="GameFrameX.Network/GameFrameX.Network.csproj" />
  <Project Path="GameFrameX.Proto/GameFrameX.Proto.csproj" />
  <Project Path="GameFrameX.ProtoBuf.Net/GameFrameX.ProtoBuf.Net.csproj" />
  <Project Path="GameFrameX.StartUp/GameFrameX.StartUp.csproj" />
  <Project Path="GameFrameX.Utility/GameFrameX.Utility.csproj" />
</Solution>
